
Microsoft Visual Studio Solution File, Format Version 12.00
# Visual Studio 15
VisualStudioVersion = 15.0.28010.2046
MinimumVisualStudioVersion = 10.0.40219.1
Project("{FAE04EC0-301F-11D3-BF4B-00C04F79EFBC}") = "EffortTests.DataAccess", "EffortTests.DataAccess\EffortTests.DataAccess.csproj", "{B10710EF-6F53-4056-A49C-5382C60008A5}"
EndProject
Project("{FAE04EC0-301F-11D3-BF4B-00C04F79EFBC}") = "EffortTests.Models", "EffortTests.Models\EffortTests.Models.csproj", "{615666D8-69EC-42DA-99EE-9484FB6DFE75}"
EndProject
Project("{FAE04EC0-301F-11D3-BF4B-00C04F79EFBC}") = "EffortTests.DataAccess.Tests", "EffortTests.DataAccess.Tests\EffortTests.DataAccess.Tests.csproj", "{D54AF381-EB32-4411-ADAE-007B01D5610E}"
EndProject
Global
	GlobalSection(SolutionConfigurationPlatforms) = preSolution
		Debug|Any CPU = Debug|Any CPU
		Release|Any CPU = Release|Any CPU
	EndGlobalSection
	GlobalSection(ProjectConfigurationPlatforms) = postSolution
		{B10710EF-6F53-4056-A49C-5382C60008A5}.Debug|Any CPU.ActiveCfg = Debug|Any CPU
		{B10710EF-6F53-4056-A49C-5382C60008A5}.Debug|Any CPU.Build.0 = Debug|Any CPU
		{B10710EF-6F53-4056-A49C-5382C60008A5}.Release|Any CPU.ActiveCfg = Release|Any CPU
		{B10710EF-6F53-4056-A49C-5382C60008A5}.Release|Any CPU.Build.0 = Release|Any CPU
		{615666D8-69EC-42DA-99EE-9484FB6DFE75}.Debug|Any CPU.ActiveCfg = Debug|Any CPU
		{615666D8-69EC-42DA-99EE-9484FB6DFE75}.Debug|Any CPU.Build.0 = Debug|Any CPU
		{615666D8-69EC-42DA-99EE-9484FB6DFE75}.Release|Any CPU.ActiveCfg = Release|Any CPU
		{615666D8-69EC-42DA-99EE-9484FB6DFE75}.Release|Any CPU.Build.0 = Release|Any CPU
		{D54AF381-EB32-4411-ADAE-007B01D5610E}.Debug|Any CPU.ActiveCfg = Debug|Any CPU
		{D54AF381-EB32-4411-ADAE-007B01D5610E}.Debug|Any CPU.Build.0 = Debug|Any CPU
		{D54AF381-EB32-4411-ADAE-007B01D5610E}.Release|Any CPU.ActiveCfg = Release|Any CPU
		{D54AF381-EB32-4411-ADAE-007B01D5610E}.Release|Any CPU.Build.0 = Release|Any CPU
	EndGlobalSection
	GlobalSection(SolutionProperties) = preSolution
		HideSolutionNode = FALSE
	EndGlobalSection
	GlobalSection(ExtensibilityGlobals) = postSolution
		SolutionGuid = {6C9FF2DA-BA85-48D3-B605-0090F74A420F}
	EndGlobalSection
EndGlobal
